
Microsoft Visual Studio Solution File, Format Version 12.00
# Visual Studio Version 17
VisualStudioVersion = 17.6.33829.357
MinimumVisualStudioVersion = 10.0.40219.1
Project("{FAE04EC0-301F-11D3-BF4B-00C04F79EFBC}") = "POWER", "POWER\POWER.csproj", "{109C9115-056F-4180-A6EF-8E0502A3BEEB}"
EndProject
Global
	GlobalSection(SolutionConfigurationPlatforms) = preSolution
		Debug|Any CPU = Debug|Any CPU
		Release|Any CPU = Release|Any CPU
	EndGlobalSection
	GlobalSection(ProjectConfigurationPlatforms) = postSolution
		{109C9115-056F-4180-A6EF-8E0502A3BEEB}.Debug|Any CPU.ActiveCfg = Debug|Any CPU
		{109C9115-056F-4180-A6EF-8E0502A3BEEB}.Debug|Any CPU.Build.0 = Debug|Any CPU
		{109C9115-056F-4180-A6EF-8E0502A3BEEB}.Release|Any CPU.ActiveCfg = Release|Any CPU
		{109C9115-056F-4180-A6EF-8E0502A3BEEB}.Release|Any CPU.Build.0 = Release|Any CPU
	EndGlobalSection
	GlobalSection(SolutionProperties) = preSolution
		HideSolutionNode = FALSE
	EndGlobalSection
	GlobalSection(ExtensibilityGlobals) = postSolution
		SolutionGuid = {5FA40FD4-5648-4777-88BD-2F323AC7BB00}
	EndGlobalSection
EndGlobal
